
Microsoft Visual Studio Solution File, Format Version 12.00
# Visual Studio Version 17
VisualStudioVersion = 17.1.32228.430
MinimumVisualStudioVersion = 10.0.40219.1
Project("{9A19103F-16F7-4668-BE54-9A1E7A4F7556}") = "WebAPI", "WebAPI\WebAPI.csproj", "{30D63754-5FC2-4F13-B2EE-C9DA47B33780}"
EndProject
Project("{FAE04EC0-301F-11D3-BF4B-00C04F79EFBC}") = "WebAPI.Tests", "WebAPI.Tests\WebAPI.Tests.csproj", "{6566B35C-1DA2-41A6-B3FF-3DE63BA7BE68}"
EndProject
Global
	GlobalSection(SolutionConfigurationPlatforms) = preSolution
		Debug|Any CPU = Debug|Any CPU
		Release|Any CPU = Release|Any CPU
	EndGlobalSection
	GlobalSection(ProjectConfigurationPlatforms) = postSolution
		{30D63754-5FC2-4F13-B2EE-C9DA47B33780}.Debug|Any CPU.ActiveCfg = Debug|Any CPU
		{30D63754-5FC2-4F13-B2EE-C9DA47B33780}.Debug|Any CPU.Build.0 = Debug|Any CPU
		{30D63754-5FC2-4F13-B2EE-C9DA47B33780}.Release|Any CPU.ActiveCfg = Release|Any CPU
		{30D63754-5FC2-4F13-B2EE-C9DA47B33780}.Release|Any CPU.Build.0 = Release|Any CPU
		{6566B35C-1DA2-41A6-B3FF-3DE63BA7BE68}.Debug|Any CPU.ActiveCfg = Debug|Any CPU
		{6566B35C-1DA2-41A6-B3FF-3DE63BA7BE68}.Debug|Any CPU.Build.0 = Debug|Any CPU
		{6566B35C-1DA2-41A6-B3FF-3DE63BA7BE68}.Release|Any CPU.ActiveCfg = Release|Any CPU
		{6566B35C-1DA2-41A6-B3FF-3DE63BA7BE68}.Release|Any CPU.Build.0 = Release|Any CPU
	EndGlobalSection
	GlobalSection(SolutionProperties) = preSolution
		HideSolutionNode = FALSE
	EndGlobalSection
	GlobalSection(ExtensibilityGlobals) = postSolution
		SolutionGuid = {E25A1549-6CE4-4C61-B4A7-C2245D3E02E9}
	EndGlobalSection
EndGlobal
